
Microsoft Visual Studio Solution File, Format Version 12.00
# Visual Studio Version 16
VisualStudioVersion = 16.0.31105.61
MinimumVisualStudioVersion = 10.0.40219.1
Project("{2150E333-8FDC-42A3-9474-1A3956D46DE8}") = "HomeWork4", "HomeWork4", "{98936D6E-68D3-40FA-BA8F-D85C54B8EFC7}"
EndProject
Project("{2150E333-8FDC-42A3-9474-1A3956D46DE8}") = "HomeWork5", "HomeWork5", "{F510E129-7167-472F-9F5A-4C431C6559F7}"
EndProject
Project("{2150E333-8FDC-42A3-9474-1A3956D46DE8}") = "HomeWork6", "HomeWork6", "{07B585AE-FE16-470C-B701-C887FC26E861}"
EndProject
Project("{9A19103F-16F7-4668-BE54-9A1E7A4F7556}") = "Homeworks05_1", "Homeworks05\Homeworks05_1\Homeworks05_1.csproj", "{15ED98AC-CF8C-40D2-8118-9E294ABEEA74}"
EndProject
Project("{9A19103F-16F7-4668-BE54-9A1E7A4F7556}") = "Homeworks05_2", "Homeworks05\Homeworks05_2\Homeworks05_2.csproj", "{2A80FDA9-1192-413F-9F45-52685AB15259}"
EndProject
Project("{9A19103F-16F7-4668-BE54-9A1E7A4F7556}") = "Homeworks05_3", "Homeworks05\Homeworks05_3\Homeworks05_3.csproj", "{BAB7000F-725C-4100-9E22-C27E4FC27DDC}"
EndProject
Project("{9A19103F-16F7-4668-BE54-9A1E7A4F7556}") = "Homeworks05_4", "Homeworks05\Homeworks05_4\Homeworks05_4.csproj", "{81D1C88D-9790-43E6-A33E-5EC909E9C57D}"
EndProject
Project("{9A19103F-16F7-4668-BE54-9A1E7A4F7556}") = "Homeworks04_1", "Homeworks04\Homeworks04_1\Homeworks04_1.csproj", "{801A1F64-C530-49B1-9E8F-78D3F51D06DD}"
EndProject
Project("{9A19103F-16F7-4668-BE54-9A1E7A4F7556}") = "Homeworks04_2", "Homeworks04\Homeworks04_2\Homeworks04_2.csproj", "{CBC5D790-3103-4730-9F93-B0EDDBB0496D}"
EndProject
Project("{9A19103F-16F7-4668-BE54-9A1E7A4F7556}") = "Homeworks04_3", "Homeworks04\Homeworks04_3\Homeworks04_3.csproj", "{21EA8233-BC2A-417F-A055-50AC1B4912C1}"
EndProject
Project("{9A19103F-16F7-4668-BE54-9A1E7A4F7556}") = "Homeworks04_4", "Homeworks04\Homeworks04_4\Homeworks04_4.csproj", "{AF1DE226-9A37-44A1-86BA-99CBD0D963DB}"
EndProject
Project("{9A19103F-16F7-4668-BE54-9A1E7A4F7556}") = "Homeworks04_5", "Homeworks04\Homeworks04_5\Homeworks04_5.csproj", "{7293A4B8-A285-4FFD-8E40-7429C4B58A57}"
EndProject
Project("{9A19103F-16F7-4668-BE54-9A1E7A4F7556}") = "HomeWork06_1", "Homework06\HomeWork06_1\HomeWork06_1.csproj", "{A742C8A5-1171-490A-BFE2-ABC5E77F4B66}"
EndProject
Project("{9A19103F-16F7-4668-BE54-9A1E7A4F7556}") = "HomeWork06_2", "Homework06\HomeWork06_2\HomeWork06_2.csproj", "{5A42ED71-94B3-4E56-8E30-9F6AB1E2EBD5}"
EndProject
Project("{9A19103F-16F7-4668-BE54-9A1E7A4F7556}") = "HomeWork06_3", "Homework06\HomeWork06_3\HomeWork06_3.csproj", "{63E7AC44-F592-4A7C-B016-563956603AC7}"
EndProject
Project("{2150E333-8FDC-42A3-9474-1A3956D46DE8}") = "HomeWork7", "HomeWork7", "{F5D8924D-D4D1-47D7-8C1C-118FA3ED60A4}"
EndProject
Project("{9A19103F-16F7-4668-BE54-9A1E7A4F7556}") = "GuessTheNumberFormMain", "Homeworks07\GuessTheNumberForms\GuessTheNumberFormMain.csproj", "{D885777C-40EE-4AB9-AAEA-B30A09B694B0}"
EndProject
Project("{9A19103F-16F7-4668-BE54-9A1E7A4F7556}") = "GuessTheNumberLib", "Homeworks07\GuessTheNumberLib\GuessTheNumberLib.csproj", "{D728B066-F05D-475A-941E-49B61E2A5ED8}"
EndProject
Project("{9A19103F-16F7-4668-BE54-9A1E7A4F7556}") = "WF_Udvoitel", "Homeworks07\WF_Udvoitel\WF_Udvoitel.csproj", "{0681B0C3-845C-4F1C-922A-F8A44FEE4ED9}"
EndProject
Project("{9A19103F-16F7-4668-BE54-9A1E7A4F7556}") = "WF_UdvoitelLibrary", "Homeworks07\WF_UdvoitelLib\WF_UdvoitelLibrary.csproj", "{4E7DC9CC-F250-412F-9030-9701DA607638}"
EndProject
Project("{2150E333-8FDC-42A3-9474-1A3956D46DE8}") = "HomeWork8", "HomeWork8", "{48B87438-7054-4D69-A602-1C285B0577D0}"
EndProject
Project("{9A19103F-16F7-4668-BE54-9A1E7A4F7556}") = "MyDictForm", "HomeWorks8\MyDictForm\MyDictForm.csproj", "{B095FD34-9347-42FD-8CE6-99F93CF1A90D}"
EndProject
Project("{9A19103F-16F7-4668-BE54-9A1E7A4F7556}") = "TaskLibrary", "HomeWorks8\TaskLibrary\TaskLibrary\TaskLibrary.csproj", "{73393177-0CB1-4D94-AB70-9201AA83FE52}"
EndProject
Project("{9A19103F-16F7-4668-BE54-9A1E7A4F7556}") = "ConsoleUI", "HomeWorks8\TaskLibrary\ConsoleUI\ConsoleUI.csproj", "{1CE57C91-0B54-4DBE-9138-18D5CBF71252}"
EndProject
Project("{2150E333-8FDC-42A3-9474-1A3956D46DE8}") = "HomeWork3", "HomeWork3", "{D0B6E4B3-3127-4E1D-9012-E17383EB3546}"
EndProject
Project("{9A19103F-16F7-4668-BE54-9A1E7A4F7556}") = "Task01", "HomeWorks03\Task01\Task01.csproj", "{71122953-ECFC-41FF-92EF-B3AAA3E27C7F}"
EndProject
Project("{9A19103F-16F7-4668-BE54-9A1E7A4F7556}") = "Task02", "HomeWorks03\Task02\Task02.csproj", "{CF455FBC-A3A2-4070-B766-47B95CF7D256}"
EndProject
Project("{9A19103F-16F7-4668-BE54-9A1E7A4F7556}") = "Taks03", "HomeWorks03\Taks03\Taks03.csproj", "{305F0FDF-9807-411B-A6FF-254D0541FE4E}"
EndProject
Global
	GlobalSection(SolutionConfigurationPlatforms) = preSolution
		Debug|Any CPU = Debug|Any CPU
		Release|Any CPU = Release|Any CPU
	EndGlobalSection
	GlobalSection(ProjectConfigurationPlatforms) = postSolution
		{15ED98AC-CF8C-40D2-8118-9E294ABEEA74}.Debug|Any CPU.ActiveCfg = Debug|Any CPU
		{15ED98AC-CF8C-40D2-8118-9E294ABEEA74}.Debug|Any CPU.Build.0 = Debug|Any CPU
		{15ED98AC-CF8C-40D2-8118-9E294ABEEA74}.Release|Any CPU.ActiveCfg = Release|Any CPU
		{15ED98AC-CF8C-40D2-8118-9E294ABEEA74}.Release|Any CPU.Build.0 = Release|Any CPU
		{2A80FDA9-1192-413F-9F45-52685AB15259}.Debug|Any CPU.ActiveCfg = Debug|Any CPU
		{2A80FDA9-1192-413F-9F45-52685AB15259}.Debug|Any CPU.Build.0 = Debug|Any CPU
		{2A80FDA9-1192-413F-9F45-52685AB15259}.Release|Any CPU.ActiveCfg = Release|Any CPU
		{2A80FDA9-1192-413F-9F45-52685AB15259}.Release|Any CPU.Build.0 = Release|Any CPU
		{BAB7000F-725C-4100-9E22-C27E4FC27DDC}.Debug|Any CPU.ActiveCfg = Debug|Any CPU
		{BAB7000F-725C-4100-9E22-C27E4FC27DDC}.Debug|Any CPU.Build.0 = Debug|Any CPU
		{BAB7000F-725C-4100-9E22-C27E4FC27DDC}.Release|Any CPU.ActiveCfg = Release|Any CPU
		{BAB7000F-725C-4100-9E22-C27E4FC27DDC}.Release|Any CPU.Build.0 = Release|Any CPU
		{81D1C88D-9790-43E6-A33E-5EC909E9C57D}.Debug|Any CPU.ActiveCfg = Debug|Any CPU
		{81D1C88D-9790-43E6-A33E-5EC909E9C57D}.Debug|Any CPU.Build.0 = Debug|Any CPU
		{81D1C88D-9790-43E6-A33E-5EC909E9C57D}.Release|Any CPU.ActiveCfg = Release|Any CPU
		{81D1C88D-9790-43E6-A33E-5EC909E9C57D}.Release|Any CPU.Build.0 = Release|Any CPU
		{801A1F64-C530-49B1-9E8F-78D3F51D06DD}.Debug|Any CPU.ActiveCfg = Debug|Any CPU
		{801A1F64-C530-49B1-9E8F-78D3F51D06DD}.Debug|Any CPU.Build.0 = Debug|Any CPU
		{801A1F64-C530-49B1-9E8F-78D3F51D06DD}.Release|Any CPU.ActiveCfg = Release|Any CPU
		{801A1F64-C530-49B1-9E8F-78D3F51D06DD}.Release|Any CPU.Build.0 = Release|Any CPU
		{CBC5D790-3103-4730-9F93-B0EDDBB0496D}.Debug|Any CPU.ActiveCfg = Debug|Any CPU
		{CBC5D790-3103-4730-9F93-B0EDDBB0496D}.Debug|Any CPU.Build.0 = Debug|Any CPU
		{CBC5D790-3103-4730-9F93-B0EDDBB0496D}.Release|Any CPU.ActiveCfg = Release|Any CPU
		{CBC5D790-3103-4730-9F93-B0EDDBB0496D}.Release|Any CPU.Build.0 = Release|Any CPU
		{21EA8233-BC2A-417F-A055-50AC1B4912C1}.Debug|Any CPU.ActiveCfg = Debug|Any CPU
		{21EA8233-BC2A-417F-A055-50AC1B4912C1}.Debug|Any CPU.Build.0 = Debug|Any CPU
		{21EA8233-BC2A-417F-A055-50AC1B4912C1}.Release|Any CPU.ActiveCfg = Release|Any CPU
		{21EA8233-BC2A-417F-A055-50AC1B4912C1}.Release|Any CPU.Build.0 = Release|Any CPU
		{AF1DE226-9A37-44A1-86BA-99CBD0D963DB}.Debug|Any CPU.ActiveCfg = Debug|Any CPU
		{AF1DE226-9A37-44A1-86BA-99CBD0D963DB}.Debug|Any CPU.Build.0 = Debug|Any CPU
		{AF1DE226-9A37-44A1-86BA-99CBD0D963DB}.Release|Any CPU.ActiveCfg = Release|Any CPU
		{AF1DE226-9A37-44A1-86BA-99CBD0D963DB}.Release|Any CPU.Build.0 = Release|Any CPU
		{7293A4B8-A285-4FFD-8E40-7429C4B58A57}.Debug|Any CPU.ActiveCfg = Debug|Any CPU
		{7293A4B8-A285-4FFD-8E40-7429C4B58A57}.Debug|Any CPU.Build.0 = Debug|Any CPU
		{7293A4B8-A285-4FFD-8E40-7429C4B58A57}.Release|Any CPU.ActiveCfg = Release|Any CPU
		{7293A4B8-A285-4FFD-8E40-7429C4B58A57}.Release|Any CPU.Build.0 = Release|Any CPU
		{A742C8A5-1171-490A-BFE2-ABC5E77F4B66}.Debug|Any CPU.ActiveCfg = Debug|Any CPU
		{A742C8A5-1171-490A-BFE2-ABC5E77F4B66}.Debug|Any CPU.Build.0 = Debug|Any CPU
		{A742C8A5-1171-490A-BFE2-ABC5E77F4B66}.Release|Any CPU.ActiveCfg = Release|Any CPU
		{A742C8A5-1171-490A-BFE2-ABC5E77F4B66}.Release|Any CPU.Build.0 = Release|Any CPU
		{5A42ED71-94B3-4E56-8E30-9F6AB1E2EBD5}.Debug|Any CPU.ActiveCfg = Debug|Any CPU
		{5A42ED71-94B3-4E56-8E30-9F6AB1E2EBD5}.Debug|Any CPU.Build.0 = Debug|Any CPU
		{5A42ED71-94B3-4E56-8E30-9F6AB1E2EBD5}.Release|Any CPU.ActiveCfg = Release|Any CPU
		{5A42ED71-94B3-4E56-8E30-9F6AB1E2EBD5}.Release|Any CPU.Build.0 = Release|Any CPU
		{63E7AC44-F592-4A7C-B016-563956603AC7}.Debug|Any CPU.ActiveCfg = Debug|Any CPU
		{63E7AC44-F592-4A7C-B016-563956603AC7}.Debug|Any CPU.Build.0 = Debug|Any CPU
		{63E7AC44-F592-4A7C-B016-563956603AC7}.Release|Any CPU.ActiveCfg = Release|Any CPU
		{63E7AC44-F592-4A7C-B016-563956603AC7}.Release|Any CPU.Build.0 = Release|Any CPU
		{D885777C-40EE-4AB9-AAEA-B30A09B694B0}.Debug|Any CPU.ActiveCfg = Debug|Any CPU
		{D885777C-40EE-4AB9-AAEA-B30A09B694B0}.Debug|Any CPU.Build.0 = Debug|Any CPU
		{D885777C-40EE-4AB9-AAEA-B30A09B694B0}.Release|Any CPU.ActiveCfg = Release|Any CPU
		{D885777C-40EE-4AB9-AAEA-B30A09B694B0}.Release|Any CPU.Build.0 = Release|Any CPU
		{D728B066-F05D-475A-941E-49B61E2A5ED8}.Debug|Any CPU.ActiveCfg = Debug|Any CPU
		{D728B066-F05D-475A-941E-49B61E2A5ED8}.Debug|Any CPU.Build.0 = Debug|Any CPU
		{D728B066-F05D-475A-941E-49B61E2A5ED8}.Release|Any CPU.ActiveCfg = Release|Any CPU
		{D728B066-F05D-475A-941E-49B61E2A5ED8}.Release|Any CPU.Build.0 = Release|Any CPU
		{0681B0C3-845C-4F1C-922A-F8A44FEE4ED9}.Debug|Any CPU.ActiveCfg = Debug|Any CPU
		{0681B0C3-845C-4F1C-922A-F8A44FEE4ED9}.Debug|Any CPU.Build.0 = Debug|Any CPU
		{0681B0C3-845C-4F1C-922A-F8A44FEE4ED9}.Release|Any CPU.ActiveCfg = Release|Any CPU
		{0681B0C3-845C-4F1C-922A-F8A44FEE4ED9}.Release|Any CPU.Build.0 = Release|Any CPU
		{4E7DC9CC-F250-412F-9030-9701DA607638}.Debug|Any CPU.ActiveCfg = Debug|Any CPU
		{4E7DC9CC-F250-412F-9030-9701DA607638}.Debug|Any CPU.Build.0 = Debug|Any CPU
		{4E7DC9CC-F250-412F-9030-9701DA607638}.Release|Any CPU.ActiveCfg = Release|Any CPU
		{4E7DC9CC-F250-412F-9030-9701DA607638}.Release|Any CPU.Build.0 = Release|Any CPU
		{B095FD34-9347-42FD-8CE6-99F93CF1A90D}.Debug|Any CPU.ActiveCfg = Debug|Any CPU
		{B095FD34-9347-42FD-8CE6-99F93CF1A90D}.Debug|Any CPU.Build.0 = Debug|Any CPU
		{B095FD34-9347-42FD-8CE6-99F93CF1A90D}.Release|Any CPU.ActiveCfg = Release|Any CPU
		{B095FD34-9347-42FD-8CE6-99F93CF1A90D}.Release|Any CPU.Build.0 = Release|Any CPU
		{73393177-0CB1-4D94-AB70-9201AA83FE52}.Debug|Any CPU.ActiveCfg = Debug|Any CPU
		{73393177-0CB1-4D94-AB70-9201AA83FE52}.Debug|Any CPU.Build.0 = Debug|Any CPU
		{73393177-0CB1-4D94-AB70-9201AA83FE52}.Release|Any CPU.ActiveCfg = Release|Any CPU
		{73393177-0CB1-4D94-AB70-9201AA83FE52}.Release|Any CPU.Build.0 = Release|Any CPU
		{1CE57C91-0B54-4DBE-9138-18D5CBF71252}.Debug|Any CPU.ActiveCfg = Debug|Any CPU
		{1CE57C91-0B54-4DBE-9138-18D5CBF71252}.Debug|Any CPU.Build.0 = Debug|Any CPU
		{1CE57C91-0B54-4DBE-9138-18D5CBF71252}.Release|Any CPU.ActiveCfg = Release|Any CPU
		{1CE57C91-0B54-4DBE-9138-18D5CBF71252}.Release|Any CPU.Build.0 = Release|Any CPU
		{71122953-ECFC-41FF-92EF-B3AAA3E27C7F}.Debug|Any CPU.ActiveCfg = Debug|Any CPU
		{71122953-ECFC-41FF-92EF-B3AAA3E27C7F}.Debug|Any CPU.Build.0 = Debug|Any CPU
		{71122953-ECFC-41FF-92EF-B3AAA3E27C7F}.Release|Any CPU.ActiveCfg = Release|Any CPU
		{71122953-ECFC-41FF-92EF-B3AAA3E27C7F}.Release|Any CPU.Build.0 = Release|Any CPU
		{CF455FBC-A3A2-4070-B766-47B95CF7D256}.Debug|Any CPU.ActiveCfg = Debug|Any CPU
		{CF455FBC-A3A2-4070-B766-47B95CF7D256}.Debug|Any CPU.Build.0 = Debug|Any CPU
		{CF455FBC-A3A2-4070-B766-47B95CF7D256}.Release|Any CPU.ActiveCfg = Release|Any CPU
		{CF455FBC-A3A2-4070-B766-47B95CF7D256}.Release|Any CPU.Build.0 = Release|Any CPU
		{305F0FDF-9807-411B-A6FF-254D0541FE4E}.Debug|Any CPU.ActiveCfg = Debug|Any CPU
		{305F0FDF-9807-411B-A6FF-254D0541FE4E}.Debug|Any CPU.Build.0 = Debug|Any CPU
		{305F0FDF-9807-411B-A6FF-254D0541FE4E}.Release|Any CPU.ActiveCfg = Release|Any CPU
		{305F0FDF-9807-411B-A6FF-254D0541FE4E}.Release|Any CPU.Build.0 = Release|Any CPU
	EndGlobalSection
	GlobalSection(SolutionProperties) = preSolution
		HideSolutionNode = FALSE
	EndGlobalSection
	GlobalSection(NestedProjects) = preSolution
		{15ED98AC-CF8C-40D2-8118-9E294ABEEA74} = {F510E129-7167-472F-9F5A-4C431C6559F7}
		{2A80FDA9-1192-413F-9F45-52685AB15259} = {F510E129-7167-472F-9F5A-4C431C6559F7}
		{BAB7000F-725C-4100-9E22-C27E4FC27DDC} = {F510E129-7167-472F-9F5A-4C431C6559F7}
		{81D1C88D-9790-43E6-A33E-5EC909E9C57D} = {F510E129-7167-472F-9F5A-4C431C6559F7}
		{801A1F64-C530-49B1-9E8F-78D3F51D06DD} = {98936D6E-68D3-40FA-BA8F-D85C54B8EFC7}
		{CBC5D790-3103-4730-9F93-B0EDDBB0496D} = {98936D6E-68D3-40FA-BA8F-D85C54B8EFC7}
		{21EA8233-BC2A-417F-A055-50AC1B4912C1} = {98936D6E-68D3-40FA-BA8F-D85C54B8EFC7}
		{AF1DE226-9A37-44A1-86BA-99CBD0D963DB} = {98936D6E-68D3-40FA-BA8F-D85C54B8EFC7}
		{7293A4B8-A285-4FFD-8E40-7429C4B58A57} = {98936D6E-68D3-40FA-BA8F-D85C54B8EFC7}
		{A742C8A5-1171-490A-BFE2-ABC5E77F4B66} = {07B585AE-FE16-470C-B701-C887FC26E861}
		{5A42ED71-94B3-4E56-8E30-9F6AB1E2EBD5} = {07B585AE-FE16-470C-B701-C887FC26E861}
		{63E7AC44-F592-4A7C-B016-563956603AC7} = {07B585AE-FE16-470C-B701-C887FC26E861}
		{D885777C-40EE-4AB9-AAEA-B30A09B694B0} = {F5D8924D-D4D1-47D7-8C1C-118FA3ED60A4}
		{D728B066-F05D-475A-941E-49B61E2A5ED8} = {F5D8924D-D4D1-47D7-8C1C-118FA3ED60A4}
		{0681B0C3-845C-4F1C-922A-F8A44FEE4ED9} = {F5D8924D-D4D1-47D7-8C1C-118FA3ED60A4}
		{4E7DC9CC-F250-412F-9030-9701DA607638} = {F5D8924D-D4D1-47D7-8C1C-118FA3ED60A4}
		{B095FD34-9347-42FD-8CE6-99F93CF1A90D} = {48B87438-7054-4D69-A602-1C285B0577D0}
		{73393177-0CB1-4D94-AB70-9201AA83FE52} = {48B87438-7054-4D69-A602-1C285B0577D0}
		{1CE57C91-0B54-4DBE-9138-18D5CBF71252} = {48B87438-7054-4D69-A602-1C285B0577D0}
		{71122953-ECFC-41FF-92EF-B3AAA3E27C7F} = {D0B6E4B3-3127-4E1D-9012-E17383EB3546}
		{CF455FBC-A3A2-4070-B766-47B95CF7D256} = {D0B6E4B3-3127-4E1D-9012-E17383EB3546}
		{305F0FDF-9807-411B-A6FF-254D0541FE4E} = {D0B6E4B3-3127-4E1D-9012-E17383EB3546}
	EndGlobalSection
	GlobalSection(ExtensibilityGlobals) = postSolution
		SolutionGuid = {949578A9-5453-4854-A63E-E7D0A55C7E0D}
	EndGlobalSection
EndGlobal
