
Microsoft Visual Studio Solution File, Format Version 12.00
# Visual Studio Version 16
VisualStudioVersion = 16.0.31105.61
MinimumVisualStudioVersion = 10.0.40219.1
Project("{9A19103F-16F7-4668-BE54-9A1E7A4F7556}") = "Homework04_04", "Homework04\Homework04_04.csproj", "{A1D82791-47A4-4078-98EA-BEDF3F964BBE}"
EndProject
Project("{9A19103F-16F7-4668-BE54-9A1E7A4F7556}") = "Homework04_05", "Homework04_05\Homework04_05.csproj", "{1200A572-F9E6-41AD-99B7-D590CB56A7F1}"
EndProject
Project("{9A19103F-16F7-4668-BE54-9A1E7A4F7556}") = "Homework04_3", "Homework04_3\Homework04_3.csproj", "{2E56B6C6-8F59-4D10-B95A-6357A0B29114}"
EndProject
Project("{9A19103F-16F7-4668-BE54-9A1E7A4F7556}") = "HomeWork04_1", "HomeWork04_1\HomeWork04_1.csproj", "{1516F638-161C-4DD7-8A2B-293FC7A095D3}"
EndProject
Project("{9A19103F-16F7-4668-BE54-9A1E7A4F7556}") = "HomeWork04_2", "HomeWork04_2\HomeWork04_2.csproj", "{361F0ACD-717B-4E4A-9D4F-4866175D64DA}"
EndProject
Project("{2150E333-8FDC-42A3-9474-1A3956D46DE8}") = "HomeWork4", "HomeWork4", "{98936D6E-68D3-40FA-BA8F-D85C54B8EFC7}"
EndProject
Project("{2150E333-8FDC-42A3-9474-1A3956D46DE8}") = "HomeWork5", "HomeWork5", "{F510E129-7167-472F-9F5A-4C431C6559F7}"
EndProject
Project("{9A19103F-16F7-4668-BE54-9A1E7A4F7556}") = "Homework05_1", "Task01\Homework05_1.csproj", "{58E29433-52D3-4E5E-9998-55F69996E3DC}"
EndProject
Project("{9A19103F-16F7-4668-BE54-9A1E7A4F7556}") = "Homework05_2", "Task02\Homework05_2.csproj", "{DB40A3C6-2605-428E-AADB-B65AEB431F93}"
EndProject
Project("{9A19103F-16F7-4668-BE54-9A1E7A4F7556}") = "Homework05_3", "Task03\Homework05_3.csproj", "{EF33F9CA-0A68-4DD9-B6A5-17AA3132DCC6}"
EndProject
Project("{9A19103F-16F7-4668-BE54-9A1E7A4F7556}") = "Homework05_4", "Task04\Homework05_4.csproj", "{D848B252-9733-4DD8-9C36-FA1D4EAC017F}"
EndProject
Global
	GlobalSection(SolutionConfigurationPlatforms) = preSolution
		Debug|Any CPU = Debug|Any CPU
		Release|Any CPU = Release|Any CPU
	EndGlobalSection
	GlobalSection(ProjectConfigurationPlatforms) = postSolution
		{A1D82791-47A4-4078-98EA-BEDF3F964BBE}.Debug|Any CPU.ActiveCfg = Debug|Any CPU
		{A1D82791-47A4-4078-98EA-BEDF3F964BBE}.Debug|Any CPU.Build.0 = Debug|Any CPU
		{A1D82791-47A4-4078-98EA-BEDF3F964BBE}.Release|Any CPU.ActiveCfg = Release|Any CPU
		{A1D82791-47A4-4078-98EA-BEDF3F964BBE}.Release|Any CPU.Build.0 = Release|Any CPU
		{1200A572-F9E6-41AD-99B7-D590CB56A7F1}.Debug|Any CPU.ActiveCfg = Debug|Any CPU
		{1200A572-F9E6-41AD-99B7-D590CB56A7F1}.Debug|Any CPU.Build.0 = Debug|Any CPU
		{1200A572-F9E6-41AD-99B7-D590CB56A7F1}.Release|Any CPU.ActiveCfg = Release|Any CPU
		{1200A572-F9E6-41AD-99B7-D590CB56A7F1}.Release|Any CPU.Build.0 = Release|Any CPU
		{2E56B6C6-8F59-4D10-B95A-6357A0B29114}.Debug|Any CPU.ActiveCfg = Debug|Any CPU
		{2E56B6C6-8F59-4D10-B95A-6357A0B29114}.Debug|Any CPU.Build.0 = Debug|Any CPU
		{2E56B6C6-8F59-4D10-B95A-6357A0B29114}.Release|Any CPU.ActiveCfg = Release|Any CPU
		{2E56B6C6-8F59-4D10-B95A-6357A0B29114}.Release|Any CPU.Build.0 = Release|Any CPU
		{1516F638-161C-4DD7-8A2B-293FC7A095D3}.Debug|Any CPU.ActiveCfg = Debug|Any CPU
		{1516F638-161C-4DD7-8A2B-293FC7A095D3}.Debug|Any CPU.Build.0 = Debug|Any CPU
		{1516F638-161C-4DD7-8A2B-293FC7A095D3}.Release|Any CPU.ActiveCfg = Release|Any CPU
		{1516F638-161C-4DD7-8A2B-293FC7A095D3}.Release|Any CPU.Build.0 = Release|Any CPU
		{361F0ACD-717B-4E4A-9D4F-4866175D64DA}.Debug|Any CPU.ActiveCfg = Debug|Any CPU
		{361F0ACD-717B-4E4A-9D4F-4866175D64DA}.Debug|Any CPU.Build.0 = Debug|Any CPU
		{361F0ACD-717B-4E4A-9D4F-4866175D64DA}.Release|Any CPU.ActiveCfg = Release|Any CPU
		{361F0ACD-717B-4E4A-9D4F-4866175D64DA}.Release|Any CPU.Build.0 = Release|Any CPU
		{58E29433-52D3-4E5E-9998-55F69996E3DC}.Debug|Any CPU.ActiveCfg = Debug|Any CPU
		{58E29433-52D3-4E5E-9998-55F69996E3DC}.Debug|Any CPU.Build.0 = Debug|Any CPU
		{58E29433-52D3-4E5E-9998-55F69996E3DC}.Release|Any CPU.ActiveCfg = Release|Any CPU
		{58E29433-52D3-4E5E-9998-55F69996E3DC}.Release|Any CPU.Build.0 = Release|Any CPU
		{DB40A3C6-2605-428E-AADB-B65AEB431F93}.Debug|Any CPU.ActiveCfg = Debug|Any CPU
		{DB40A3C6-2605-428E-AADB-B65AEB431F93}.Debug|Any CPU.Build.0 = Debug|Any CPU
		{DB40A3C6-2605-428E-AADB-B65AEB431F93}.Release|Any CPU.ActiveCfg = Release|Any CPU
		{DB40A3C6-2605-428E-AADB-B65AEB431F93}.Release|Any CPU.Build.0 = Release|Any CPU
		{EF33F9CA-0A68-4DD9-B6A5-17AA3132DCC6}.Debug|Any CPU.ActiveCfg = Debug|Any CPU
		{EF33F9CA-0A68-4DD9-B6A5-17AA3132DCC6}.Debug|Any CPU.Build.0 = Debug|Any CPU
		{EF33F9CA-0A68-4DD9-B6A5-17AA3132DCC6}.Release|Any CPU.ActiveCfg = Release|Any CPU
		{EF33F9CA-0A68-4DD9-B6A5-17AA3132DCC6}.Release|Any CPU.Build.0 = Release|Any CPU
		{D848B252-9733-4DD8-9C36-FA1D4EAC017F}.Debug|Any CPU.ActiveCfg = Debug|Any CPU
		{D848B252-9733-4DD8-9C36-FA1D4EAC017F}.Debug|Any CPU.Build.0 = Debug|Any CPU
		{D848B252-9733-4DD8-9C36-FA1D4EAC017F}.Release|Any CPU.ActiveCfg = Release|Any CPU
		{D848B252-9733-4DD8-9C36-FA1D4EAC017F}.Release|Any CPU.Build.0 = Release|Any CPU
	EndGlobalSection
	GlobalSection(SolutionProperties) = preSolution
		HideSolutionNode = FALSE
	EndGlobalSection
	GlobalSection(NestedProjects) = preSolution
		{A1D82791-47A4-4078-98EA-BEDF3F964BBE} = {98936D6E-68D3-40FA-BA8F-D85C54B8EFC7}
		{1200A572-F9E6-41AD-99B7-D590CB56A7F1} = {98936D6E-68D3-40FA-BA8F-D85C54B8EFC7}
		{2E56B6C6-8F59-4D10-B95A-6357A0B29114} = {98936D6E-68D3-40FA-BA8F-D85C54B8EFC7}
		{1516F638-161C-4DD7-8A2B-293FC7A095D3} = {98936D6E-68D3-40FA-BA8F-D85C54B8EFC7}
		{361F0ACD-717B-4E4A-9D4F-4866175D64DA} = {98936D6E-68D3-40FA-BA8F-D85C54B8EFC7}
		{58E29433-52D3-4E5E-9998-55F69996E3DC} = {F510E129-7167-472F-9F5A-4C431C6559F7}
		{DB40A3C6-2605-428E-AADB-B65AEB431F93} = {F510E129-7167-472F-9F5A-4C431C6559F7}
		{EF33F9CA-0A68-4DD9-B6A5-17AA3132DCC6} = {F510E129-7167-472F-9F5A-4C431C6559F7}
		{D848B252-9733-4DD8-9C36-FA1D4EAC017F} = {F510E129-7167-472F-9F5A-4C431C6559F7}
	EndGlobalSection
	GlobalSection(ExtensibilityGlobals) = postSolution
		SolutionGuid = {949578A9-5453-4854-A63E-E7D0A55C7E0D}
	EndGlobalSection
EndGlobal
