
Microsoft Visual Studio Solution File, Format Version 12.00
# Visual Studio Version 16
VisualStudioVersion = 16.0.31105.61
MinimumVisualStudioVersion = 10.0.40219.1
Project("{9A19103F-16F7-4668-BE54-9A1E7A4F7556}") = "Homework04_04", "Homework04\Homework04_04.csproj", "{A1D82791-47A4-4078-98EA-BEDF3F964BBE}"
EndProject
Project("{9A19103F-16F7-4668-BE54-9A1E7A4F7556}") = "Homework04_05", "Homework04_05\Homework04_05.csproj", "{1200A572-F9E6-41AD-99B7-D590CB56A7F1}"
EndProject
Project("{9A19103F-16F7-4668-BE54-9A1E7A4F7556}") = "Homework04_3", "Homework04_3\Homework04_3.csproj", "{2E56B6C6-8F59-4D10-B95A-6357A0B29114}"
EndProject
Project("{FAE04EC0-301F-11D3-BF4B-00C04F79EFBC}") = "HomeWork04_1", "HomeWork04_1\HomeWork04_1.csproj", "{1516F638-161C-4DD7-8A2B-293FC7A095D3}"
EndProject
Project("{FAE04EC0-301F-11D3-BF4B-00C04F79EFBC}") = "HomeWork04_2", "HomeWork04_2\HomeWork04_2.csproj", "{361F0ACD-717B-4E4A-9D4F-4866175D64DA}"
EndProject
Global
	GlobalSection(SolutionConfigurationPlatforms) = preSolution
		Debug|Any CPU = Debug|Any CPU
		Release|Any CPU = Release|Any CPU
	EndGlobalSection
	GlobalSection(ProjectConfigurationPlatforms) = postSolution
		{A1D82791-47A4-4078-98EA-BEDF3F964BBE}.Debug|Any CPU.ActiveCfg = Debug|Any CPU
		{A1D82791-47A4-4078-98EA-BEDF3F964BBE}.Debug|Any CPU.Build.0 = Debug|Any CPU
		{A1D82791-47A4-4078-98EA-BEDF3F964BBE}.Release|Any CPU.ActiveCfg = Release|Any CPU
		{A1D82791-47A4-4078-98EA-BEDF3F964BBE}.Release|Any CPU.Build.0 = Release|Any CPU
		{1200A572-F9E6-41AD-99B7-D590CB56A7F1}.Debug|Any CPU.ActiveCfg = Debug|Any CPU
		{1200A572-F9E6-41AD-99B7-D590CB56A7F1}.Debug|Any CPU.Build.0 = Debug|Any CPU
		{1200A572-F9E6-41AD-99B7-D590CB56A7F1}.Release|Any CPU.ActiveCfg = Release|Any CPU
		{1200A572-F9E6-41AD-99B7-D590CB56A7F1}.Release|Any CPU.Build.0 = Release|Any CPU
		{2E56B6C6-8F59-4D10-B95A-6357A0B29114}.Debug|Any CPU.ActiveCfg = Debug|Any CPU
		{2E56B6C6-8F59-4D10-B95A-6357A0B29114}.Debug|Any CPU.Build.0 = Debug|Any CPU
		{2E56B6C6-8F59-4D10-B95A-6357A0B29114}.Release|Any CPU.ActiveCfg = Release|Any CPU
		{2E56B6C6-8F59-4D10-B95A-6357A0B29114}.Release|Any CPU.Build.0 = Release|Any CPU
		{1516F638-161C-4DD7-8A2B-293FC7A095D3}.Debug|Any CPU.ActiveCfg = Debug|Any CPU
		{1516F638-161C-4DD7-8A2B-293FC7A095D3}.Debug|Any CPU.Build.0 = Debug|Any CPU
		{1516F638-161C-4DD7-8A2B-293FC7A095D3}.Release|Any CPU.ActiveCfg = Release|Any CPU
		{1516F638-161C-4DD7-8A2B-293FC7A095D3}.Release|Any CPU.Build.0 = Release|Any CPU
		{361F0ACD-717B-4E4A-9D4F-4866175D64DA}.Debug|Any CPU.ActiveCfg = Debug|Any CPU
		{361F0ACD-717B-4E4A-9D4F-4866175D64DA}.Debug|Any CPU.Build.0 = Debug|Any CPU
		{361F0ACD-717B-4E4A-9D4F-4866175D64DA}.Release|Any CPU.ActiveCfg = Release|Any CPU
		{361F0ACD-717B-4E4A-9D4F-4866175D64DA}.Release|Any CPU.Build.0 = Release|Any CPU
	EndGlobalSection
	GlobalSection(SolutionProperties) = preSolution
		HideSolutionNode = FALSE
	EndGlobalSection
	GlobalSection(ExtensibilityGlobals) = postSolution
		SolutionGuid = {949578A9-5453-4854-A63E-E7D0A55C7E0D}
	EndGlobalSection
EndGlobal
