
Microsoft Visual Studio Solution File, Format Version 12.00
# Visual Studio Version 16
VisualStudioVersion = 16.0.31105.61
MinimumVisualStudioVersion = 10.0.40219.1
Project("{9A19103F-16F7-4668-BE54-9A1E7A4F7556}") = "HomeWork06_1", "HomeWork06_1\HomeWork06_1.csproj", "{522CC278-F757-4319-BAA2-79C102B89383}"
EndProject
Project("{9A19103F-16F7-4668-BE54-9A1E7A4F7556}") = "HomeWork06_2", "HomeWork06_2\HomeWork06_2.csproj", "{BB69970C-8860-4668-A053-29F191975AE4}"
EndProject
Project("{FAE04EC0-301F-11D3-BF4B-00C04F79EFBC}") = "HomeWork06_3", "HomeWork06_3\HomeWork06_3.csproj", "{20A62E65-1C97-4A0B-827E-A90B4A7BE895}"
EndProject
Global
	GlobalSection(SolutionConfigurationPlatforms) = preSolution
		Debug|Any CPU = Debug|Any CPU
		Release|Any CPU = Release|Any CPU
	EndGlobalSection
	GlobalSection(ProjectConfigurationPlatforms) = postSolution
		{522CC278-F757-4319-BAA2-79C102B89383}.Debug|Any CPU.ActiveCfg = Debug|Any CPU
		{522CC278-F757-4319-BAA2-79C102B89383}.Debug|Any CPU.Build.0 = Debug|Any CPU
		{522CC278-F757-4319-BAA2-79C102B89383}.Release|Any CPU.ActiveCfg = Release|Any CPU
		{522CC278-F757-4319-BAA2-79C102B89383}.Release|Any CPU.Build.0 = Release|Any CPU
		{BB69970C-8860-4668-A053-29F191975AE4}.Debug|Any CPU.ActiveCfg = Debug|Any CPU
		{BB69970C-8860-4668-A053-29F191975AE4}.Debug|Any CPU.Build.0 = Debug|Any CPU
		{BB69970C-8860-4668-A053-29F191975AE4}.Release|Any CPU.ActiveCfg = Release|Any CPU
		{BB69970C-8860-4668-A053-29F191975AE4}.Release|Any CPU.Build.0 = Release|Any CPU
		{20A62E65-1C97-4A0B-827E-A90B4A7BE895}.Debug|Any CPU.ActiveCfg = Debug|Any CPU
		{20A62E65-1C97-4A0B-827E-A90B4A7BE895}.Debug|Any CPU.Build.0 = Debug|Any CPU
		{20A62E65-1C97-4A0B-827E-A90B4A7BE895}.Release|Any CPU.ActiveCfg = Release|Any CPU
		{20A62E65-1C97-4A0B-827E-A90B4A7BE895}.Release|Any CPU.Build.0 = Release|Any CPU
	EndGlobalSection
	GlobalSection(SolutionProperties) = preSolution
		HideSolutionNode = FALSE
	EndGlobalSection
	GlobalSection(ExtensibilityGlobals) = postSolution
		SolutionGuid = {5FD395CE-8AC6-4DF3-A30E-1C8B21E65D59}
	EndGlobalSection
EndGlobal
